
Microsoft Visual Studio Solution File, Format Version 12.00
# Visual Studio 15
VisualStudioVersion = 15.0.28307.106
MinimumVisualStudioVersion = 10.0.40219.1
Project("{FAE04EC0-301F-11D3-BF4B-00C04F79EFBC}") = "StealthRobotics.Dashboard.API", "StealthRobotics.Dashboard.API\StealthRobotics.Dashboard.API.csproj", "{EBCBCF79-D27F-47BF-9160-512DA0D368B4}"
EndProject
Project("{FAE04EC0-301F-11D3-BF4B-00C04F79EFBC}") = "StealthRobotics.Dashboard", "StealthRobotics.Dashboard\StealthRobotics.Dashboard.csproj", "{B391261A-7696-4D2C-AEEE-877E3AAD7775}"
	ProjectSection(ProjectDependencies) = postProject
		{7759CA90-1717-4481-8723-71A4CB74AFE2} = {7759CA90-1717-4481-8723-71A4CB74AFE2}
	EndProjectSection
EndProject
Project("{FAE04EC0-301F-11D3-BF4B-00C04F79EFBC}") = "StealthRobotics.Dashboard.APITests", "StealthRobotics.Dashboard.APITests\StealthRobotics.Dashboard.APITests.csproj", "{63757762-4403-4ED6-9335-8C6B2CD6D3D3}"
EndProject
Project("{FAE04EC0-301F-11D3-BF4B-00C04F79EFBC}") = "StealthRobotics.Dashboard.SamplePlugin", "StealthRobotics.Dashboard.SamplePlugin\StealthRobotics.Dashboard.SamplePlugin.csproj", "{7759CA90-1717-4481-8723-71A4CB74AFE2}"
EndProject
Global
	GlobalSection(SolutionConfigurationPlatforms) = preSolution
		Debug|Any CPU = Debug|Any CPU
		Release|Any CPU = Release|Any CPU
	EndGlobalSection
	GlobalSection(ProjectConfigurationPlatforms) = postSolution
		{EBCBCF79-D27F-47BF-9160-512DA0D368B4}.Debug|Any CPU.ActiveCfg = Debug|Any CPU
		{EBCBCF79-D27F-47BF-9160-512DA0D368B4}.Debug|Any CPU.Build.0 = Debug|Any CPU
		{EBCBCF79-D27F-47BF-9160-512DA0D368B4}.Release|Any CPU.ActiveCfg = Release|Any CPU
		{EBCBCF79-D27F-47BF-9160-512DA0D368B4}.Release|Any CPU.Build.0 = Release|Any CPU
		{B391261A-7696-4D2C-AEEE-877E3AAD7775}.Debug|Any CPU.ActiveCfg = Debug|Any CPU
		{B391261A-7696-4D2C-AEEE-877E3AAD7775}.Debug|Any CPU.Build.0 = Debug|Any CPU
		{B391261A-7696-4D2C-AEEE-877E3AAD7775}.Release|Any CPU.ActiveCfg = Release|Any CPU
		{B391261A-7696-4D2C-AEEE-877E3AAD7775}.Release|Any CPU.Build.0 = Release|Any CPU
		{63757762-4403-4ED6-9335-8C6B2CD6D3D3}.Debug|Any CPU.ActiveCfg = Debug|Any CPU
		{63757762-4403-4ED6-9335-8C6B2CD6D3D3}.Debug|Any CPU.Build.0 = Debug|Any CPU
		{63757762-4403-4ED6-9335-8C6B2CD6D3D3}.Release|Any CPU.ActiveCfg = Release|Any CPU
		{63757762-4403-4ED6-9335-8C6B2CD6D3D3}.Release|Any CPU.Build.0 = Release|Any CPU
		{7759CA90-1717-4481-8723-71A4CB74AFE2}.Debug|Any CPU.ActiveCfg = Debug|Any CPU
		{7759CA90-1717-4481-8723-71A4CB74AFE2}.Debug|Any CPU.Build.0 = Debug|Any CPU
		{7759CA90-1717-4481-8723-71A4CB74AFE2}.Release|Any CPU.ActiveCfg = Release|Any CPU
		{7759CA90-1717-4481-8723-71A4CB74AFE2}.Release|Any CPU.Build.0 = Release|Any CPU
	EndGlobalSection
	GlobalSection(SolutionProperties) = preSolution
		HideSolutionNode = FALSE
	EndGlobalSection
	GlobalSection(ExtensibilityGlobals) = postSolution
		SolutionGuid = {773365AB-BACA-4EE3-A126-F624C9A95ACC}
	EndGlobalSection
EndGlobal
